
Microsoft Visual Studio Solution File, Format Version 12.00
# Visual Studio Version 17
VisualStudioVersion = 17.4.33122.133
MinimumVisualStudioVersion = 10.0.40219.1
Project("{FAE04EC0-301F-11D3-BF4B-00C04F79EFBC}") = "CadastroConsoleMestre", "CadastroConsoleMestre.csproj", "{8B115FF0-40DE-4723-8A8B-B91A9E22FE0A}"
EndProject
Global
	GlobalSection(SolutionConfigurationPlatforms) = preSolution
		Debug|Any CPU = Debug|Any CPU
		Release|Any CPU = Release|Any CPU
	EndGlobalSection
	GlobalSection(ProjectConfigurationPlatforms) = postSolution
		{8B115FF0-40DE-4723-8A8B-B91A9E22FE0A}.Debug|Any CPU.ActiveCfg = Debug|Any CPU
		{8B115FF0-40DE-4723-8A8B-B91A9E22FE0A}.Debug|Any CPU.Build.0 = Debug|Any CPU
		{8B115FF0-40DE-4723-8A8B-B91A9E22FE0A}.Release|Any CPU.ActiveCfg = Release|Any CPU
		{8B115FF0-40DE-4723-8A8B-B91A9E22FE0A}.Release|Any CPU.Build.0 = Release|Any CPU
	EndGlobalSection
	GlobalSection(SolutionProperties) = preSolution
		HideSolutionNode = FALSE
	EndGlobalSection
	GlobalSection(ExtensibilityGlobals) = postSolution
		SolutionGuid = {3188B60B-3CD6-46A6-9A8A-CDC16AB37FF8}
	EndGlobalSection
EndGlobal
